{
    "version": "0.5",
    "requires": [
        "zlib/1.3.1#b8bc2603263cf7eccbd6e17e66b0ed76%1733936244.862",
        "xxhash/0.8.2#55dcba581c85713692527e1529553e70%1709501628.234",
        "xtuml_transient/1.0@xtuml#2da426080789d193cb2b8a9c3ec6b2fd%1740593921.7898908",
        "xtuml_trace/1.0@xtuml#b39e2aef41aedae61fd673ee0547a924%1740593980.3867302",
        "xtuml_thread_timer/1.0@xtuml#2793d0b2d921cf7b6dfae9b22992e74f%1740593962.3100042",
        "xtuml_swa/1.0@xtuml#f5eb4f75f77cb4f3d332e6474279dca0%1740593906.9800572",
        "xtuml_sqlite/1.0@xtuml#9b538ad93eb3322d4951399fa09fe982%1740593935.4465594",
        "xtuml_sql/1.0@xtuml#4d33ab3906187dd40615be919f9b9963%1740593928.2297795",
        "xtuml_sockets/1.0@xtuml#eb2421d64b89d0305e6d43afaf60ab32%1740593918.7051904",
        "xtuml_metadata/1.0@xtuml#dd1fb162bd771f07b57f98340e2906ad%1740593949.4599879",
        "xtuml_masl_conan/1.0@xtuml#56865aeedc55b2e3992e3d6debd3acd6%1740593986.7039387",
        "xtuml_masl_codegen/1.0@xtuml#71ba61150b5a342f4d60e6273299e6e7%1740593989.4153132",
        "xtuml_logging/1.0@xtuml#71342547a0360fdd57a525926be628a1%1740593885.0106575",
        "xtuml_kafka/1.0@xtuml#b0a0907d927d6b5853e51a418fe8e642%1740593941.5579677",
        "xtuml_inspector_server/1.0@xtuml#c79c530f340211832ae41c6d03ae39a8%1740593955.7024305",
        "xtuml_code_coverage/1.0@xtuml#7f1840dbc3b8dd85b05580738d73faab%1740593968.7182376",
        "xtuml_cmake_helpers/1.0@xtuml#dc90d0c9a4ad863392430c666d8980e5%1740593882.825119",
        "xtuml_backlog_monitor/1.0@xtuml#df27b8a2aba505f5d661040faa6b2748%1740593975.333673",
        "xtuml_asn1/1.0@xtuml#cf01236fcd1a9da0fff83bc61f6f6f66%1740593911.8622332",
        "xtuml_amqp_client/1.0@xtuml#b4122a2493b8099da7933bcffda6b087%1740593889.6848001",
        "sqlite3/3.48.0#d80314a14d09b56f56e0e91059eea985%1738070900.384",
        "pugixml/1.14#c6afdcf73d71858303d8260b0d76ff91%1696206310.014",
        "openssl/3.4.1#f16a5eb84eb7e83d3de1cf6432afa69e%1739305225.026",
        "nlohmann_json/3.11.3#45828be26eb619a2e04ca517bb7b828d%1701220705.259",
        "masl_uuid/1.0@xtuml#de63533d275c38c7e97be6d5b98e338a%1740594204.0620618",
        "masl_test/1.0@xtuml#dce1298aa8c743bc9e0175284818ed76%1740594285.3095794",
        "masl_strings/1.0@xtuml#7142421365be057efddb76ba7e9a2184%1740594185.56674",
        "masl_schedule/1.0@xtuml#867332697cc5e546569b840a1bbe5f2e%1740594268.2331233",
        "masl_regex/1.0@xtuml#a81d9ce2b46f529a99fe5c175dcfefbe%1740594218.717686",
        "masl_math/1.0@xtuml#23868d3afcdafeb5c1fbef11bc419768%1740594169.5705285",
        "masl_logger/1.0@xtuml#edb082a4a6217cb061f433f01cbaa7cc%1740594250.1247432",
        "masl_json_validation/1.0@xtuml#d6e2dbe9f26cc07427579fb8cbe311de%1740594238.4915237",
        "masl_json/1.0@xtuml#b11758422e40811ac8ebeb4405a06d0c%1740594144.668894",
        "masl_host/1.0@xtuml#c31e224d2d21e1b5ff207643847776db%1740594072.1391244",
        "masl_hash/1.0@xtuml#bc5bc4a679d4192e37f2778cfc452d42%1740594124.9877017",
        "masl_format/1.0@xtuml#b9296c33c6c863e7c648de09816fdbaa%1740594104.6987126",
        "masl_filesystem/1.0@xtuml#8aae66b533683d4f440a71411073cb2d%1740594086.7261271",
        "masl_examples_petrol/1.0@xtuml#fd43ac1b1ffb62d285e317777c3a7102%1740594325.784701",
        "masl_examples_calculator/1.0@xtuml#52751bb0b2dbc8d870e01f388512c96a%1740594334.1565645",
        "masl_environment/1.0@xtuml#1ec979814b27e45924341779286b2997%1740594057.17453",
        "masl_command_line/1.0@xtuml#401d11d48b93dd85f650ff8b56a199d9%1740594041.6188376",
        "masl_binary_io/1.0@xtuml#47e00aa94cff49cde28d3da88f0f3875%1740594023.011757",
        "masl_assertions/1.0@xtuml#5e851c443a819a6bbb3dacb82d006b18%1740594007.2524726",
        "lz4/1.9.4#c5afb86edd69ac0df30e3a9e192e43db%1738070809.545",
        "log4cplus/2.1.2#6f7c2db566d438e08222503fd050258c%1730218032.101",
        "libuuid/1.0.3#2e37af640b92a1ff5b38e6107bf750d8%1682970412.171",
        "librdkafka/2.3.0#9572476fb162492c19a94e7df0e5fda2%1738070803.438",
        "libbacktrace/cci.20210118#ba84656d36d95b6498cf23b3ff309457%1738070785.028",
        "gtest/1.15.0#f9548be18a41ccc6367efcb8146e92be%1738166401.829",
        "fmt/11.1.3#8364f0feb23ee32e4b870455edb552ae%1738512514.619",
        "cyrus-sasl/2.1.28#65af4940ec60474da9d4e3d776c295a5%1738166416.63",
        "cppkafka/0.4.1#2a10b3f746a91aa3c4e077c83bed371c%1706257977.701",
        "cli11/2.4.2#6e507e3d37c863d547be3069be114cce%1738255281.221",
        "bzip2/1.0.8#5e257e5c54c8bb208e12d1adec47063c%1738070776.973",
        "boost/1.86.0#a54876e60978d121fd84c306ca1363d8%1738166396.077",
        "asio/1.32.0#5162a75b289fd36a1910431607fb6a31%1729860541.444"
    ],
    "build_requires": [
        "xtuml_masl_codegen/1.0@xtuml#71ba61150b5a342f4d60e6273299e6e7%1740593989.4153132",
        "m4/1.4.19#b38ced39a01e31fef5435bc634461fd2%1700758725.451",
        "libtool/2.4.7#95d373ad52578548281f0005dbf36aff%1738070804.925",
        "gnu-config/cci.20210814#dc430d754f465e8c74463019672fb97b%1701248168.479",
        "b2/5.2.1#91bc73931a0acb655947a81569ed8b80%1738242984.485",
        "automake/1.16.5#058bda3e21c36c9aa8425daf3c1faf50%1688481772.751",
        "autoconf/2.71#1befc79989703cf0bab297b6e0307ca7%1738070771.444"
    ],
    "python_requires": [
        "xtuml_masl_conan/1.0@xtuml#56865aeedc55b2e3992e3d6debd3acd6%1740593986.7039387"
    ],
    "overrides": {
        "boost/[>=1.86.0 <2]": [
            "boost/1.86.0"
        ],
        "boost/1.83.0": [
            "boost/1.86.0"
        ]
    },
    "config_requires": []
}