{
    "version": "0.5",
    "requires": [
        "zlib/1.3.1#b8bc2603263cf7eccbd6e17e66b0ed76%1741357340.88",
        "xxhash/0.8.2#55dcba581c85713692527e1529553e70%1709501628.234",
        "xtuml_transient/1.0@xtuml#09c6cd4d92448fed6f2789961fa772b1%1741627222.8907578",
        "xtuml_trace/1.0@xtuml#f63e86414ef63aa6246727d82f900a14%1741627242.1746845",
        "xtuml_thread_timer/1.0@xtuml#2c185fa5242c6ceb9eb6f0aa01ba34f3%1741627234.4372087",
        "xtuml_swa/1.0@xtuml#f23e694ee5cd69394d46604decdeb78f%1741627218.0897303",
        "xtuml_sqlite/1.0@xtuml#8aea4b612dde979d629878a43114290b%1741627226.9449008",
        "xtuml_sql/1.0@xtuml#df4b38c4ecdb11d45983668a10705d6a%1741627224.8782718",
        "xtuml_sockets/1.0@xtuml#eb2421d64b89d0305e6d43afaf60ab32%1741627222.171536",
        "xtuml_metadata/1.0@xtuml#5711c1f4069f4381a5f3b9132dbf11e3%1741627229.7773602",
        "xtuml_masl_conan/5.0@xtuml#e07f5f34d6e50b3e322ac319802dfa23%1741627255.8788173",
        "xtuml_masl_codegen/1.0@xtuml#ee42ba36660ccd3eb287f590632dcc8b%1741627256.6591737",
        "xtuml_logging/1.0@xtuml#4c20251547d6fa974d05ef88759df1ab%1741627207.0120656",
        "xtuml_inspector_server/1.0@xtuml#8b9a400a35be5c98c56ff6dda064ca1c%1741627231.863412",
        "xtuml_code_coverage/1.0@xtuml#169f4b8f3f77df31ea943879f3854ed2%1741627236.692589",
        "xtuml_backlog_monitor/1.0@xtuml#f97bb901ac44f3832e0e1d0932d0c92f%1741627239.9174523",
        "xtuml_asn1/1.0@xtuml#5de1ef5533b685d5a762e721ae66a381%1741627220.1073825",
        "xtuml_amqp_client/1.0@xtuml#8a07ebe787dae355e0eff7fce11ed0bc%1741627209.1649237",
        "sqlite3/3.49.1#8631739a4c9b93bd3d6b753bac548a63%1741357348.464",
        "pugixml/1.14#c6afdcf73d71858303d8260b0d76ff91%1741357353.62",
        "openssl/3.4.1#f16a5eb84eb7e83d3de1cf6432afa69e%1741357344.228",
        "nlohmann_json/3.11.3#45828be26eb619a2e04ca517bb7b828d%1741357337.94",
        "masl_uuid/1.0@xtuml#6e7b79aef094a28846272061820a4f62%1741627392.1503913",
        "masl_test/1.0@xtuml#a6052e12547689f25ad4fbade1a957f6%1741627452.1844347",
        "masl_strings/1.0@xtuml#6d28fd7537203b5a412722d8a4a7baf8%1741627379.958716",
        "masl_schedule/1.0@xtuml#0095c6cbbb78222cb3744166375b2b18%1741627441.5067391",
        "masl_regex/1.0@xtuml#9f76fe23b37042bfd8656b3825db7bd5%1741627400.8321319",
        "masl_math/1.0@xtuml#8004b16ae082b3c3012fac1c8584fbeb%1741627369.927087",
        "masl_logger/1.0@xtuml#e217db042fc3dbd9ab7d4fa50993f08c%1741627429.6643384",
        "masl_json_validation/1.0@xtuml#865843bb0a7da060c4164ffc7f020f6d%1741627414.0358198",
        "masl_json/1.0@xtuml#cf9a81389c095b67d517c445f1c1fd8f%1741627351.9559798",
        "masl_host/1.0@xtuml#4c23d9fe89bbd48539f7b8d200ff9675%1741627297.707104",
        "masl_hash/1.0@xtuml#87ca0ffa1cb7f31b1dcc29a5d782d8cd%1741627332.187168",
        "masl_format/1.0@xtuml#be687e97164c468ee135ab7e5c5cb002%1741627317.8477814",
        "masl_filesystem/1.0@xtuml#ca37282e741bccfcddaceda6540198a3%1741627306.4914086",
        "masl_examples_petrol/1.0@xtuml#4f966e96d91df8c2a84f8c837bd503dd%1741627484.7382438",
        "masl_examples_calculator/1.0@xtuml#586b6b07f90396a6c7758ddffde790a4%1741627538.4954462",
        "masl_environment/1.0@xtuml#d964787258c8990561ff81e5429a9f4b%1741627288.400041",
        "masl_command_line/1.0@xtuml#428af9623882f241dcd4167176807c99%1741627278.7701218",
        "masl_binary_io/1.0@xtuml#33fae066e213b29db957d11fb4e7c2ba%1741627267.0344825",
        "masl_assertions/1.0@xtuml#4852f0b6dd9a8724cd9a9d08485e143c%1741627257.9043589",
        "lz4/1.9.4#c5afb86edd69ac0df30e3a9e192e43db%1738070809.545",
        "log4cplus/2.1.2#6f7c2db566d438e08222503fd050258c%1741357338.618",
        "libuuid/1.0.3#20856aaa250517cdab6e87ab282645a7%1704556323.294",
        "librdkafka/2.3.0#9572476fb162492c19a94e7df0e5fda2%1738070803.438",
        "libbacktrace/cci.20210118#ba84656d36d95b6498cf23b3ff309457%1738070785.028",
        "gtest/1.16.0#b79e331e44bc2ce4fca3cf59c56387b6%1741357344.905",
        "fmt/11.1.3#8364f0feb23ee32e4b870455edb552ae%1741357337.244",
        "cyrus-sasl/2.1.28#65af4940ec60474da9d4e3d776c295a5%1738166416.63",
        "cppkafka/0.4.1#2a10b3f746a91aa3c4e077c83bed371c%1741357350.183",
        "cli11/2.4.2#6e507e3d37c863d547be3069be114cce%1738255281.221",
        "bzip2/1.0.8#5e257e5c54c8bb208e12d1adec47063c%1738070776.973",
        "boost/1.87.0#1b8ba6a2b4a8084d7814ead3e931ae15%1741357340.039",
        "asio/1.32.0#5162a75b289fd36a1910431607fb6a31%1741357343.254"
    ],
    "build_requires": [
        "xtuml_masl_codegen/1.0@xtuml#ee42ba36660ccd3eb287f590632dcc8b%1741627256.6591737",
        "m4/1.4.19#f418fc0c03d5493b93ecc890159ed48c%1704556327.281",
        "libtool/2.4.7#95d373ad52578548281f0005dbf36aff%1738070804.925",
        "gnu-config/cci.20210814#12da20e8cf2944f777a9ea286e5adb55%1704556309.569",
        "b2/5.2.1#91bc73931a0acb655947a81569ed8b80%1738242984.485",
        "automake/1.16.5#27a1996f8e84efd37c1bdacd9c8a5d7b%1704556295.718",
        "autoconf/2.71#1befc79989703cf0bab297b6e0307ca7%1738070771.444"
    ],
    "python_requires": [
        "xtuml_masl_conan/5.0@xtuml#e07f5f34d6e50b3e322ac319802dfa23%1741627255.8788173"
    ],
    "overrides": {
        "boost/[>=1.86.0 <2]": [
            "boost/1.87.0"
        ],
        "boost/1.83.0": [
            "boost/1.87.0"
        ]
    },
    "config_requires": []
}
